github.com/google/uuid v1.3.0 h1:t6JiXgmwXMjEs8VusXIJk2BXHsn+wx8BZdTaoZ5fu7I=
github.com/google/uuid v1.3.0/go.mod h1:TIyPZe4MgqvfeYDBFedMoGGpEw/LqOeaOT+nhxU+yHo=
github.com/kayestee/f3_client v0.1.0 h1:SvtOw+UNhb6nvueR9jqG79Ht3eBSCzZBqMdgUTAsLyE=
github.com/kayestee/f3_client v0.1.0/go.mod h1:HiyKowozgDAZC6c3mA0i0BK9fdL4fjJNyZoGc7xK+54=
