github.com/google/uuid v1.3.0 h1:t6JiXgmwXMjEs8VusXIJk2BXHsn+wx8BZdTaoZ5fu7I=
github.com/google/uuid v1.3.0/go.mod h1:TIyPZe4MgqvfeYDBFedMoGGpEw/LqOeaOT+nhxU+yHo=
github.com/kayestee/f3_client v1.0.4 h1:ap0+rhwHsMSQCuqqK0nLzbYDALcvwZjw+w5mmf+fYww=
github.com/kayestee/f3_client v1.0.4/go.mod h1:3y7kVJHVNttYTzsbnnownyT806kO3dNJErtnApIrhHk=
